
Microsoft Visual Studio Solution File, Format Version 12.00
# Visual Studio Version 17
VisualStudioVersion = 17.5.002.0
MinimumVisualStudioVersion = 10.0.40219.1
Project("{2150E333-8FDC-42A3-9474-1A3956D46DE8}") = "IS - projekty", "IS - projekty", "{097C1FCA-F8D3-471A-BDFF-4EEE1F213B54}"
EndProject
Project("{9A19103F-16F7-4668-BE54-9A1E7A4F7556}") = "program001-výpis-řady", "IS - projekty\program001-výpis-řady\program001-výpis-řady.csproj", "{61C0C8EA-E72A-4648-BC64-9D6082DF0DC7}"
EndProject
Global
	GlobalSection(SolutionConfigurationPlatforms) = preSolution
		Debug|Any CPU = Debug|Any CPU
		Release|Any CPU = Release|Any CPU
	EndGlobalSection
	GlobalSection(ProjectConfigurationPlatforms) = postSolution
		{61C0C8EA-E72A-4648-BC64-9D6082DF0DC7}.Debug|Any CPU.ActiveCfg = Debug|Any CPU
		{61C0C8EA-E72A-4648-BC64-9D6082DF0DC7}.Debug|Any CPU.Build.0 = Debug|Any CPU
		{61C0C8EA-E72A-4648-BC64-9D6082DF0DC7}.Release|Any CPU.ActiveCfg = Release|Any CPU
		{61C0C8EA-E72A-4648-BC64-9D6082DF0DC7}.Release|Any CPU.Build.0 = Release|Any CPU
	EndGlobalSection
	GlobalSection(SolutionProperties) = preSolution
		HideSolutionNode = FALSE
	EndGlobalSection
	GlobalSection(NestedProjects) = preSolution
		{61C0C8EA-E72A-4648-BC64-9D6082DF0DC7} = {097C1FCA-F8D3-471A-BDFF-4EEE1F213B54}
	EndGlobalSection
	GlobalSection(ExtensibilityGlobals) = postSolution
		SolutionGuid = {EE9FED1F-1D30-495C-A836-87B62D29AAB9}
	EndGlobalSection
EndGlobal
