
Microsoft Visual Studio Solution File, Format Version 12.00
# Visual Studio Version 17
VisualStudioVersion = 17.5.002.0
MinimumVisualStudioVersion = 10.0.40219.1
Project("{9A19103F-16F7-4668-BE54-9A1E7A4F7556}") = "program003c-obrazce", "program003c-obrazce.csproj", "{6095A1EB-0D4D-480D-AABC-6174F0F7A4A8}"
EndProject
Global
	GlobalSection(SolutionConfigurationPlatforms) = preSolution
		Debug|Any CPU = Debug|Any CPU
		Release|Any CPU = Release|Any CPU
	EndGlobalSection
	GlobalSection(ProjectConfigurationPlatforms) = postSolution
		{6095A1EB-0D4D-480D-AABC-6174F0F7A4A8}.Debug|Any CPU.ActiveCfg = Debug|Any CPU
		{6095A1EB-0D4D-480D-AABC-6174F0F7A4A8}.Debug|Any CPU.Build.0 = Debug|Any CPU
		{6095A1EB-0D4D-480D-AABC-6174F0F7A4A8}.Release|Any CPU.ActiveCfg = Release|Any CPU
		{6095A1EB-0D4D-480D-AABC-6174F0F7A4A8}.Release|Any CPU.Build.0 = Release|Any CPU
	EndGlobalSection
	GlobalSection(SolutionProperties) = preSolution
		HideSolutionNode = FALSE
	EndGlobalSection
	GlobalSection(ExtensibilityGlobals) = postSolution
		SolutionGuid = {DDBE4102-F8BB-420F-9CF7-2FB524A817CB}
	EndGlobalSection
EndGlobal
