
Microsoft Visual Studio Solution File, Format Version 12.00
# Visual Studio Version 17
VisualStudioVersion = 17.5.002.0
MinimumVisualStudioVersion = 10.0.40219.1
Project("{9A19103F-16F7-4668-BE54-9A1E7A4F7556}") = "program012a-intervaly", "program012a-intervaly.csproj", "{8C872040-9C79-455F-8EF6-7939F74B505D}"
EndProject
Global
	GlobalSection(SolutionConfigurationPlatforms) = preSolution
		Debug|Any CPU = Debug|Any CPU
		Release|Any CPU = Release|Any CPU
	EndGlobalSection
	GlobalSection(ProjectConfigurationPlatforms) = postSolution
		{8C872040-9C79-455F-8EF6-7939F74B505D}.Debug|Any CPU.ActiveCfg = Debug|Any CPU
		{8C872040-9C79-455F-8EF6-7939F74B505D}.Debug|Any CPU.Build.0 = Debug|Any CPU
		{8C872040-9C79-455F-8EF6-7939F74B505D}.Release|Any CPU.ActiveCfg = Release|Any CPU
		{8C872040-9C79-455F-8EF6-7939F74B505D}.Release|Any CPU.Build.0 = Release|Any CPU
	EndGlobalSection
	GlobalSection(SolutionProperties) = preSolution
		HideSolutionNode = FALSE
	EndGlobalSection
	GlobalSection(ExtensibilityGlobals) = postSolution
		SolutionGuid = {5E7AC1CA-6A74-4DD0-A7D9-869436DFC60F}
	EndGlobalSection
EndGlobal
