
Microsoft Visual Studio Solution File, Format Version 12.00
# Visual Studio Version 17
VisualStudioVersion = 17.5.002.0
MinimumVisualStudioVersion = 10.0.40219.1
Project("{9A19103F-16F7-4668-BE54-9A1E7A4F7556}") = "program003b-pravouhly-trojuhelnik", "program003b-pravouhly-trojuhelnik.csproj", "{C39883F3-021F-4D93-A1CE-AD3EB516D1D2}"
EndProject
Global
	GlobalSection(SolutionConfigurationPlatforms) = preSolution
		Debug|Any CPU = Debug|Any CPU
		Release|Any CPU = Release|Any CPU
	EndGlobalSection
	GlobalSection(ProjectConfigurationPlatforms) = postSolution
		{C39883F3-021F-4D93-A1CE-AD3EB516D1D2}.Debug|Any CPU.ActiveCfg = Debug|Any CPU
		{C39883F3-021F-4D93-A1CE-AD3EB516D1D2}.Debug|Any CPU.Build.0 = Debug|Any CPU
		{C39883F3-021F-4D93-A1CE-AD3EB516D1D2}.Release|Any CPU.ActiveCfg = Release|Any CPU
		{C39883F3-021F-4D93-A1CE-AD3EB516D1D2}.Release|Any CPU.Build.0 = Release|Any CPU
	EndGlobalSection
	GlobalSection(SolutionProperties) = preSolution
		HideSolutionNode = FALSE
	EndGlobalSection
	GlobalSection(ExtensibilityGlobals) = postSolution
		SolutionGuid = {E85B0FF7-A745-41FA-BC68-1497C62238E3}
	EndGlobalSection
EndGlobal
