
Microsoft Visual Studio Solution File, Format Version 12.00
# Visual Studio Version 17
VisualStudioVersion = 17.5.002.0
MinimumVisualStudioVersion = 10.0.40219.1
Project("{9A19103F-16F7-4668-BE54-9A1E7A4F7556}") = "program006-analyza-textu", "program006-analyza-textu.csproj", "{D8EE2D1B-085C-4F84-B7D8-9A6439EDB203}"
EndProject
Global
	GlobalSection(SolutionConfigurationPlatforms) = preSolution
		Debug|Any CPU = Debug|Any CPU
		Release|Any CPU = Release|Any CPU
	EndGlobalSection
	GlobalSection(ProjectConfigurationPlatforms) = postSolution
		{D8EE2D1B-085C-4F84-B7D8-9A6439EDB203}.Debug|Any CPU.ActiveCfg = Debug|Any CPU
		{D8EE2D1B-085C-4F84-B7D8-9A6439EDB203}.Debug|Any CPU.Build.0 = Debug|Any CPU
		{D8EE2D1B-085C-4F84-B7D8-9A6439EDB203}.Release|Any CPU.ActiveCfg = Release|Any CPU
		{D8EE2D1B-085C-4F84-B7D8-9A6439EDB203}.Release|Any CPU.Build.0 = Release|Any CPU
	EndGlobalSection
	GlobalSection(SolutionProperties) = preSolution
		HideSolutionNode = FALSE
	EndGlobalSection
	GlobalSection(ExtensibilityGlobals) = postSolution
		SolutionGuid = {13C9EE9F-51CE-4850-BE67-B73305C3E34C}
	EndGlobalSection
EndGlobal
